
Microsoft Visual Studio Solution File, Format Version 12.00
# Visual Studio Version 17
VisualStudioVersion = 17.4.33122.133
MinimumVisualStudioVersion = 10.0.40219.1
Project("{FAE04EC0-301F-11D3-BF4B-00C04F79EFBC}") = "Aula1Exercicios2", "Aula1Exercicios2\Aula1Exercicios2.csproj", "{A7BB0862-0801-476B-9F94-69C5B5C74D7D}"
EndProject
Global
	GlobalSection(SolutionConfigurationPlatforms) = preSolution
		Debug|Any CPU = Debug|Any CPU
		Release|Any CPU = Release|Any CPU
	EndGlobalSection
	GlobalSection(ProjectConfigurationPlatforms) = postSolution
		{A7BB0862-0801-476B-9F94-69C5B5C74D7D}.Debug|Any CPU.ActiveCfg = Debug|Any CPU
		{A7BB0862-0801-476B-9F94-69C5B5C74D7D}.Debug|Any CPU.Build.0 = Debug|Any CPU
		{A7BB0862-0801-476B-9F94-69C5B5C74D7D}.Release|Any CPU.ActiveCfg = Release|Any CPU
		{A7BB0862-0801-476B-9F94-69C5B5C74D7D}.Release|Any CPU.Build.0 = Release|Any CPU
	EndGlobalSection
	GlobalSection(SolutionProperties) = preSolution
		HideSolutionNode = FALSE
	EndGlobalSection
	GlobalSection(ExtensibilityGlobals) = postSolution
		SolutionGuid = {10772F9D-3F13-4D8C-A1C6-1E474AF5518A}
	EndGlobalSection
EndGlobal
